
Microsoft Visual Studio Solution File, Format Version 12.00
# Visual Studio 2012
Project("{FAE04EC0-301F-11D3-BF4B-00C04F79EFBC}") = "AxonApparel.Repository", "AxonApparel.Repository\AxonApparel.Repository.csproj", "{FABD058C-FF63-46E0-A5C0-7D8E273793F7}"
EndProject
Project("{FAE04EC0-301F-11D3-BF4B-00C04F79EFBC}") = "AxonApparel.Domain", "AxonApparel.Contract\AxonApparel.Domain.csproj", "{A4ABCF78-D7BB-4853-836B-3991A708769D}"
EndProject
Project("{FAE04EC0-301F-11D3-BF4B-00C04F79EFBC}") = "AxonApparel.Common", "AxonApparel.Common\AxonApparel.Common.csproj", "{127A9D0D-FE91-4797-BA92-AD6ED15C37B9}"
EndProject
Project("{FAE04EC0-301F-11D3-BF4B-00C04F79EFBC}") = "AxonApparel.Business", "AxonApparel.Business\AxonApparel.Business.csproj", "{69BF833A-58D5-498C-A98A-C032D7AC8E74}"
EndProject
Project("{00D1A9C2-B5F0-4AF3-8072-F6C62B433612}") = "AxonApparel.Database", "AxonApparel.Database\AxonApparel.Database.sqlproj", "{630143A9-B5BF-44C2-8D40-D8E66F045366}"
EndProject
Project("{FAE04EC0-301F-11D3-BF4B-00C04F79EFBC}") = "AxonApparel.Web", "AxonApparels\AxonApparel.Web.csproj", "{95F3FCE6-E14E-4EA5-A559-F3A32BAE6CF4}"
EndProject
Project("{00D1A9C2-B5F0-4AF3-8072-F6C62B433612}") = "ApparelFinyear.Database", "ApparelFinyear\ApparelFinyear.Database.sqlproj", "{DF7E1BB2-AC91-455A-A700-ECC0C4DF6C12}"
EndProject
Global
	GlobalSection(SolutionConfigurationPlatforms) = preSolution
		Debug|Any CPU = Debug|Any CPU
		Release|Any CPU = Release|Any CPU
	EndGlobalSection
	GlobalSection(ProjectConfigurationPlatforms) = postSolution
		{FABD058C-FF63-46E0-A5C0-7D8E273793F7}.Debug|Any CPU.ActiveCfg = Debug|Any CPU
		{FABD058C-FF63-46E0-A5C0-7D8E273793F7}.Debug|Any CPU.Build.0 = Debug|Any CPU
		{FABD058C-FF63-46E0-A5C0-7D8E273793F7}.Release|Any CPU.ActiveCfg = Release|Any CPU
		{FABD058C-FF63-46E0-A5C0-7D8E273793F7}.Release|Any CPU.Build.0 = Release|Any CPU
		{A4ABCF78-D7BB-4853-836B-3991A708769D}.Debug|Any CPU.ActiveCfg = Debug|Any CPU
		{A4ABCF78-D7BB-4853-836B-3991A708769D}.Debug|Any CPU.Build.0 = Debug|Any CPU
		{A4ABCF78-D7BB-4853-836B-3991A708769D}.Release|Any CPU.ActiveCfg = Release|Any CPU
		{A4ABCF78-D7BB-4853-836B-3991A708769D}.Release|Any CPU.Build.0 = Release|Any CPU
		{127A9D0D-FE91-4797-BA92-AD6ED15C37B9}.Debug|Any CPU.ActiveCfg = Debug|Any CPU
		{127A9D0D-FE91-4797-BA92-AD6ED15C37B9}.Debug|Any CPU.Build.0 = Debug|Any CPU
		{127A9D0D-FE91-4797-BA92-AD6ED15C37B9}.Release|Any CPU.ActiveCfg = Release|Any CPU
		{127A9D0D-FE91-4797-BA92-AD6ED15C37B9}.Release|Any CPU.Build.0 = Release|Any CPU
		{69BF833A-58D5-498C-A98A-C032D7AC8E74}.Debug|Any CPU.ActiveCfg = Debug|Any CPU
		{69BF833A-58D5-498C-A98A-C032D7AC8E74}.Debug|Any CPU.Build.0 = Debug|Any CPU
		{69BF833A-58D5-498C-A98A-C032D7AC8E74}.Release|Any CPU.ActiveCfg = Release|Any CPU
		{69BF833A-58D5-498C-A98A-C032D7AC8E74}.Release|Any CPU.Build.0 = Release|Any CPU
		{630143A9-B5BF-44C2-8D40-D8E66F045366}.Debug|Any CPU.ActiveCfg = Debug|Any CPU
		{630143A9-B5BF-44C2-8D40-D8E66F045366}.Debug|Any CPU.Build.0 = Debug|Any CPU
		{630143A9-B5BF-44C2-8D40-D8E66F045366}.Debug|Any CPU.Deploy.0 = Debug|Any CPU
		{630143A9-B5BF-44C2-8D40-D8E66F045366}.Release|Any CPU.ActiveCfg = Release|Any CPU
		{630143A9-B5BF-44C2-8D40-D8E66F045366}.Release|Any CPU.Build.0 = Release|Any CPU
		{630143A9-B5BF-44C2-8D40-D8E66F045366}.Release|Any CPU.Deploy.0 = Release|Any CPU
		{95F3FCE6-E14E-4EA5-A559-F3A32BAE6CF4}.Debug|Any CPU.ActiveCfg = Debug|Any CPU
		{95F3FCE6-E14E-4EA5-A559-F3A32BAE6CF4}.Debug|Any CPU.Build.0 = Debug|Any CPU
		{95F3FCE6-E14E-4EA5-A559-F3A32BAE6CF4}.Release|Any CPU.ActiveCfg = Release|Any CPU
		{95F3FCE6-E14E-4EA5-A559-F3A32BAE6CF4}.Release|Any CPU.Build.0 = Release|Any CPU
		{DF7E1BB2-AC91-455A-A700-ECC0C4DF6C12}.Debug|Any CPU.ActiveCfg = Debug|Any CPU
		{DF7E1BB2-AC91-455A-A700-ECC0C4DF6C12}.Debug|Any CPU.Build.0 = Debug|Any CPU
		{DF7E1BB2-AC91-455A-A700-ECC0C4DF6C12}.Debug|Any CPU.Deploy.0 = Debug|Any CPU
		{DF7E1BB2-AC91-455A-A700-ECC0C4DF6C12}.Release|Any CPU.ActiveCfg = Release|Any CPU
		{DF7E1BB2-AC91-455A-A700-ECC0C4DF6C12}.Release|Any CPU.Build.0 = Release|Any CPU
		{DF7E1BB2-AC91-455A-A700-ECC0C4DF6C12}.Release|Any CPU.Deploy.0 = Release|Any CPU
	EndGlobalSection
	GlobalSection(SolutionProperties) = preSolution
		HideSolutionNode = FALSE
	EndGlobalSection
EndGlobal
